
Microsoft Visual Studio Solution File, Format Version 12.00
# Visual Studio Version 17
VisualStudioVersion = 17.1.32414.318
MinimumVisualStudioVersion = 10.0.40219.1
Project("{9A19103F-16F7-4668-BE54-9A1E7A4F7556}") = "ci_automation_apitester", "ci_automation_apitester.csproj", "{9024CB4B-9D85-4256-87AB-D562519B8DE6}"
EndProject
Global
	GlobalSection(SolutionConfigurationPlatforms) = preSolution
		Debug|Any CPU = Debug|Any CPU
		Release|Any CPU = Release|Any CPU
	EndGlobalSection
	GlobalSection(ProjectConfigurationPlatforms) = postSolution
		{9024CB4B-9D85-4256-87AB-D562519B8DE6}.Debug|Any CPU.ActiveCfg = Debug|Any CPU
		{9024CB4B-9D85-4256-87AB-D562519B8DE6}.Debug|Any CPU.Build.0 = Debug|Any CPU
		{9024CB4B-9D85-4256-87AB-D562519B8DE6}.Release|Any CPU.ActiveCfg = Release|Any CPU
		{9024CB4B-9D85-4256-87AB-D562519B8DE6}.Release|Any CPU.Build.0 = Release|Any CPU
	EndGlobalSection
	GlobalSection(SolutionProperties) = preSolution
		HideSolutionNode = FALSE
	EndGlobalSection
	GlobalSection(ExtensibilityGlobals) = postSolution
		SolutionGuid = {4F9C461B-DF9B-418A-9063-3D4E3B656F9D}
	EndGlobalSection
EndGlobal
